<?xml version="1.0" encoding="utf-8"?>
<Project ToolsVersion="4.0" xmlns="http://schemas.microsoft.com/developer/msbuild/2003">
  <ItemGroup>
    <Filter Include="videoFilter">
      <UniqueIdentifier>{65a3815f-6028-45d7-8975-78c179f3d824}</UniqueIdentifier>
    </Filter>
    <Filter Include="VirtualDub2">
      <UniqueIdentifier>{bc38372b-47df-4cf4-8cce-4f36c757006c}</UniqueIdentifier>
    </Filter>
    <Filter Include="Utils">
      <UniqueIdentifier>{299c7184-682a-4885-a83a-3bea8398d2a9}</UniqueIdentifier>
    </Filter>
    <Filter Include="AudioEncodec">
      <UniqueIdentifier>{e967b251-d549-4625-917a-c083f9f90ad8}</UniqueIdentifier>
    </Filter>
    <Filter Include="VideoEncoder">
      <UniqueIdentifier>{ba0b0ab8-55b7-45c2-a892-6262d2b81df4}</UniqueIdentifier>
    </Filter>
  </ItemGroup>
  <ItemGroup>
    <ClInclude Include="fflayer.h">
      <Filter>videoFilter</Filter>
    </ClInclude>
    <ClInclude Include="AudioSource2.h" />
    <ClInclude Include="export.h" />
    <ClInclude Include="FileInfo2.h" />
    <ClInclude Include="gopro.h" />
    <ClInclude Include="InputFile2.h" />
    <ClInclude Include="mov_mp4.h" />
    <ClInclude Include="resource.h" />
    <ClInclude Include="VideoSource2.h" />
    <ClInclude Include="Version.h" />
    <ClInclude Include="..\vd2\h\vd2\plugin\vdinputdriver.h">
      <Filter>VirtualDub2</Filter>
    </ClInclude>
    <ClInclude Include="..\vd2\h\vd2\plugin\vdplugin.h">
      <Filter>VirtualDub2</Filter>
    </ClInclude>
    <ClInclude Include="..\vd2\h\vd2\plugin\vdvideofilt.h">
      <Filter>VirtualDub2</Filter>
    </ClInclude>
    <ClInclude Include="..\vd2\h\vd2\VDXFrame\Unknown.h">
      <Filter>VirtualDub2</Filter>
    </ClInclude>
    <ClInclude Include="..\vd2\h\vd2\VDXFrame\VideoFilter.h">
      <Filter>VirtualDub2</Filter>
    </ClInclude>
    <ClInclude Include="..\vd2\h\vd2\VDXFrame\VideoFilterDialog.h">
      <Filter>VirtualDub2</Filter>
    </ClInclude>
    <ClInclude Include="..\vd2\h\vd2\VDXFrame\VideoFilterEntry.h">
      <Filter>VirtualDub2</Filter>
    </ClInclude>
    <ClInclude Include="Utils\StringUtil.h">
      <Filter>Utils</Filter>
    </ClInclude>
    <ClInclude Include="Helper.h" />
    <ClInclude Include="iobuffer.h" />
    <ClInclude Include="AudioEncoder\AudioEnc.h">
      <Filter>AudioEncodec</Filter>
    </ClInclude>
    <ClInclude Include="AudioEncoder\AudioEnc_aac.h">
      <Filter>AudioEncodec</Filter>
    </ClInclude>
    <ClInclude Include="AudioEncoder\AudioEnc_alac.h">
      <Filter>AudioEncodec</Filter>
    </ClInclude>
    <ClInclude Include="AudioEncoder\AudioEnc_flac.h">
      <Filter>AudioEncodec</Filter>
    </ClInclude>
    <ClInclude Include="AudioEncoder\AudioEnc_mp3.h">
      <Filter>AudioEncodec</Filter>
    </ClInclude>
    <ClInclude Include="AudioEncoder\AudioEnc_opus.h">
      <Filter>AudioEncodec</Filter>
    </ClInclude>
    <ClInclude Include="AudioEncoder\AudioEnc_vorbis.h">
      <Filter>AudioEncodec</Filter>
    </ClInclude>
    <ClInclude Include="VideoEncoder\VideoEnc.h">
      <Filter>VideoEncoder</Filter>
    </ClInclude>
    <ClInclude Include="VideoEncoder\VideoEnc_AV1.h">
      <Filter>VideoEncoder</Filter>
    </ClInclude>
    <ClInclude Include="VideoEncoder\VideoEnc_FFV1.h">
      <Filter>VideoEncoder</Filter>
    </ClInclude>
    <ClInclude Include="VideoEncoder\VideoEnc_FFVHuff.h">
      <Filter>VideoEncoder</Filter>
    </ClInclude>
    <ClInclude Include="VideoEncoder\VideoEnc_NVENC_H264.h">
      <Filter>VideoEncoder</Filter>
    </ClInclude>
    <ClInclude Include="VideoEncoder\VideoEnc_NVENC_HEVC.h">
      <Filter>VideoEncoder</Filter>
    </ClInclude>
    <ClInclude Include="VideoEncoder\VideoEnc_ProRes.h">
      <Filter>VideoEncoder</Filter>
    </ClInclude>
    <ClInclude Include="VideoEncoder\VideoEnc_VP8.h">
      <Filter>VideoEncoder</Filter>
    </ClInclude>
    <ClInclude Include="VideoEncoder\VideoEnc_VP9.h">
      <Filter>VideoEncoder</Filter>
    </ClInclude>
    <ClInclude Include="VideoEncoder\VideoEnc_x264.h">
      <Filter>VideoEncoder</Filter>
    </ClInclude>
    <ClInclude Include="VideoEncoder\VideoEnc_x265.h">
      <Filter>VideoEncoder</Filter>
    </ClInclude>
    <ClInclude Include="registry.h" />
    <ClInclude Include="VideoEncoder\VideoEnc_QSV_H264.h">
      <Filter>VideoEncoder</Filter>
    </ClInclude>
    <ClInclude Include="VideoEncoder\VideoEnc_QSV_HEVC.h">
      <Filter>VideoEncoder</Filter>
    </ClInclude>
  </ItemGroup>
  <ItemGroup>
    <ClCompile Include="fflayer.cpp">
      <Filter>videoFilter</Filter>
    </ClCompile>
    <ClCompile Include="fflayer_render.cpp">
      <Filter>videoFilter</Filter>
    </ClCompile>
    <ClCompile Include="vfmain.cpp">
      <Filter>videoFilter</Filter>
    </ClCompile>
    <ClCompile Include="AudioSource2.cpp" />
    <ClCompile Include="export.cpp" />
    <ClCompile Include="FileInfo2.cpp" />
    <ClCompile Include="gopro.cpp" />
    <ClCompile Include="InputFile2.cpp" />
    <ClCompile Include="main2.cpp" />
    <ClCompile Include="mov_mp4.cpp" />
    <ClCompile Include="VideoSource2.cpp" />
    <ClCompile Include="nut.cpp" />
    <ClCompile Include="..\vd2\VDXFrame\source\VideoFilter.cpp">
      <Filter>VirtualDub2</Filter>
    </ClCompile>
    <ClCompile Include="..\vd2\VDXFrame\source\VideoFilterDialog.cpp">
      <Filter>VirtualDub2</Filter>
    </ClCompile>
    <ClCompile Include="..\vd2\VDXFrame\source\VideoFilterEntry.cpp">
      <Filter>VirtualDub2</Filter>
    </ClCompile>
    <ClCompile Include="Utils\StringUtil.cpp">
      <Filter>Utils</Filter>
    </ClCompile>
    <ClCompile Include="Helper.cpp" />
    <ClCompile Include="AudioEncoder\AudioEnc.cpp">
      <Filter>AudioEncodec</Filter>
    </ClCompile>
    <ClCompile Include="AudioEncoder\AudioEnc_aac.cpp">
      <Filter>AudioEncodec</Filter>
    </ClCompile>
    <ClCompile Include="AudioEncoder\AudioEnc_alac.cpp">
      <Filter>AudioEncodec</Filter>
    </ClCompile>
    <ClCompile Include="AudioEncoder\AudioEnc_flac.cpp">
      <Filter>AudioEncodec</Filter>
    </ClCompile>
    <ClCompile Include="AudioEncoder\AudioEnc_mp3.cpp">
      <Filter>AudioEncodec</Filter>
    </ClCompile>
    <ClCompile Include="AudioEncoder\AudioEnc_opus.cpp">
      <Filter>AudioEncodec</Filter>
    </ClCompile>
    <ClCompile Include="AudioEncoder\AudioEnc_vorbis.cpp">
      <Filter>AudioEncodec</Filter>
    </ClCompile>
    <ClCompile Include="VideoEncoder\VideoEnc.cpp">
      <Filter>VideoEncoder</Filter>
    </ClCompile>
    <ClCompile Include="VideoEncoder\VideoCompress.cpp">
      <Filter>VideoEncoder</Filter>
    </ClCompile>
    <ClCompile Include="registry.cpp" />
    <ClCompile Include="VideoEncoder\VideoEnc_AV1.cpp">
      <Filter>VideoEncoder</Filter>
    </ClCompile>
    <ClCompile Include="VideoEncoder\VideoEnc_FFV1.cpp">
      <Filter>VideoEncoder</Filter>
    </ClCompile>
    <ClCompile Include="VideoEncoder\VideoEnc_FFVHuff.cpp">
      <Filter>VideoEncoder</Filter>
    </ClCompile>
    <ClCompile Include="VideoEncoder\VideoEnc_NVENC_H264.cpp">
      <Filter>VideoEncoder</Filter>
    </ClCompile>
    <ClCompile Include="VideoEncoder\VideoEnc_NVENC_HEVC.cpp">
      <Filter>VideoEncoder</Filter>
    </ClCompile>
    <ClCompile Include="VideoEncoder\VideoEnc_ProRes.cpp">
      <Filter>VideoEncoder</Filter>
    </ClCompile>
    <ClCompile Include="VideoEncoder\VideoEnc_VP8.cpp">
      <Filter>VideoEncoder</Filter>
    </ClCompile>
    <ClCompile Include="VideoEncoder\VideoEnc_VP9.cpp">
      <Filter>VideoEncoder</Filter>
    </ClCompile>
    <ClCompile Include="VideoEncoder\VideoEnc_x264.cpp">
      <Filter>VideoEncoder</Filter>
    </ClCompile>
    <ClCompile Include="VideoEncoder\VideoEnc_x265.cpp">
      <Filter>VideoEncoder</Filter>
    </ClCompile>
    <ClCompile Include="VideoEncoder\VideoEnc_QSV_H264.cpp">
      <Filter>VideoEncoder</Filter>
    </ClCompile>
    <ClCompile Include="VideoEncoder\VideoEnc_QSV_HEVC.cpp">
      <Filter>VideoEncoder</Filter>
    </ClCompile>
  </ItemGroup>
  <ItemGroup>
    <None Include="avlib.def" />
  </ItemGroup>
  <ItemGroup>
    <ResourceCompile Include="avlib.rc" />
  </ItemGroup>
  <ItemGroup>
    <Image Include="ffmpeg.bmp" />
  </ItemGroup>
</Project>